
Microsoft Visual Studio Solution File, Format Version 12.00
# Visual Studio 15
VisualStudioVersion = 15.0.28307.705
MinimumVisualStudioVersion = 10.0.40219.1
Project("{FAE04EC0-301F-11D3-BF4B-00C04F79EFBC}") = "SerialDebugger", "SerialDebugger\SerialDebugger.csproj", "{9D79FC47-AE96-465D-B080-7DA62A1578B0}"
EndProject
Global
	GlobalSection(SolutionConfigurationPlatforms) = preSolution
		Debug|Any CPU = Debug|Any CPU
		Release|Any CPU = Release|Any CPU
	EndGlobalSection
	GlobalSection(ProjectConfigurationPlatforms) = postSolution
		{9D79FC47-AE96-465D-B080-7DA62A1578B0}.Debug|Any CPU.ActiveCfg = Debug|Any CPU
		{9D79FC47-AE96-465D-B080-7DA62A1578B0}.Debug|Any CPU.Build.0 = Debug|Any CPU
		{9D79FC47-AE96-465D-B080-7DA62A1578B0}.Release|Any CPU.ActiveCfg = Release|Any CPU
		{9D79FC47-AE96-465D-B080-7DA62A1578B0}.Release|Any CPU.Build.0 = Release|Any CPU
	EndGlobalSection
	GlobalSection(SolutionProperties) = preSolution
		HideSolutionNode = FALSE
	EndGlobalSection
	GlobalSection(ExtensibilityGlobals) = postSolution
		SolutionGuid = {A1B34810-5B09-4237-A4F8-B2E9E0F3B00F}
	EndGlobalSection
EndGlobal
